
Microsoft Visual Studio Solution File, Format Version 12.00
# Visual Studio 15
VisualStudioVersion = 15.0.28010.2046
MinimumVisualStudioVersion = 10.0.40219.1
Project("{159641D6-6404-4A2A-AE62-294DE0FE8301}") = "MACROHISTORY", "MACROHISTORY\MACROHISTORY.dtproj", "{3CCFAB90-45E5-429C-883A-E3716F578F33}"
EndProject
Global
	GlobalSection(SolutionConfigurationPlatforms) = preSolution
		Development|Default = Development|Default
	EndGlobalSection
	GlobalSection(ProjectConfigurationPlatforms) = postSolution
		{3CCFAB90-45E5-429C-883A-E3716F578F33}.Development|Default.ActiveCfg = Development
		{3CCFAB90-45E5-429C-883A-E3716F578F33}.Development|Default.Build.0 = Development
		{3CCFAB90-45E5-429C-883A-E3716F578F33}.Development|Default.Deploy.0 = Development
	EndGlobalSection
	GlobalSection(SolutionProperties) = preSolution
		HideSolutionNode = FALSE
	EndGlobalSection
	GlobalSection(ExtensibilityGlobals) = postSolution
		SolutionGuid = {AB709240-E307-42DD-83C2-466AF9383DD3}
	EndGlobalSection
EndGlobal
